
Microsoft Visual Studio Solution File, Format Version 12.00
# Visual Studio 14
VisualStudioVersion = 14.0.25420.1
MinimumVisualStudioVersion = 10.0.40219.1
Project("{FAE04EC0-301F-11D3-BF4B-00C04F79EFBC}") = "LabVIEW CLI", "LabVIEW CLI.csproj", "{F2B85133-5068-4CAC-9CC3-C9C5B899BBE5}"
EndProject
Project("{2150E333-8FDC-42A3-9474-1A3956D46DE8}") = "Solution Items", "Solution Items", "{143D8C52-C4CF-4B9A-9699-71B466D7CF0A}"
	ProjectSection(SolutionItems) = preProject
		..\..\README.md = ..\..\README.md
	EndProjectSection
EndProject
Project("{930C7802-8A8C-48F9-8165-68863BCCD9DD}") = "LabVIEW CLI WIX Setup", "..\LabVIEW CLI WIX Setup\LabVIEW CLI WIX Setup.wixproj", "{6693163A-16AF-4DE8-A21E-83340D211E66}"
EndProject
Project("{FAE04EC0-301F-11D3-BF4B-00C04F79EFBC}") = "LabVIEWCLI_Unit_tests", "..\LabVIEWCLI_Unit_tests\LabVIEWCLI_Unit_tests.csproj", "{4D1EFF05-6141-4D41-985E-C790B4679C5D}"
EndProject
Global
	GlobalSection(SolutionConfigurationPlatforms) = preSolution
		Debug|Any CPU = Debug|Any CPU
		Debug|x64 = Debug|x64
		Debug|x86 = Debug|x86
		Release|Any CPU = Release|Any CPU
		Release|x64 = Release|x64
		Release|x86 = Release|x86
	EndGlobalSection
	GlobalSection(ProjectConfigurationPlatforms) = postSolution
		{F2B85133-5068-4CAC-9CC3-C9C5B899BBE5}.Debug|Any CPU.ActiveCfg = Debug|Any CPU
		{F2B85133-5068-4CAC-9CC3-C9C5B899BBE5}.Debug|Any CPU.Build.0 = Debug|Any CPU
		{F2B85133-5068-4CAC-9CC3-C9C5B899BBE5}.Debug|x64.ActiveCfg = Debug|x64
		{F2B85133-5068-4CAC-9CC3-C9C5B899BBE5}.Debug|x64.Build.0 = Debug|x64
		{F2B85133-5068-4CAC-9CC3-C9C5B899BBE5}.Debug|x86.ActiveCfg = Debug|Any CPU
		{F2B85133-5068-4CAC-9CC3-C9C5B899BBE5}.Debug|x86.Build.0 = Debug|Any CPU
		{F2B85133-5068-4CAC-9CC3-C9C5B899BBE5}.Release|Any CPU.ActiveCfg = Release|Any CPU
		{F2B85133-5068-4CAC-9CC3-C9C5B899BBE5}.Release|Any CPU.Build.0 = Release|Any CPU
		{F2B85133-5068-4CAC-9CC3-C9C5B899BBE5}.Release|x64.ActiveCfg = Release|x64
		{F2B85133-5068-4CAC-9CC3-C9C5B899BBE5}.Release|x64.Build.0 = Release|x64
		{F2B85133-5068-4CAC-9CC3-C9C5B899BBE5}.Release|x86.ActiveCfg = Release|Any CPU
		{F2B85133-5068-4CAC-9CC3-C9C5B899BBE5}.Release|x86.Build.0 = Release|Any CPU
		{6693163A-16AF-4DE8-A21E-83340D211E66}.Debug|Any CPU.ActiveCfg = Debug|x86
		{6693163A-16AF-4DE8-A21E-83340D211E66}.Debug|x64.ActiveCfg = Debug|x64
		{6693163A-16AF-4DE8-A21E-83340D211E66}.Debug|x64.Build.0 = Debug|x64
		{6693163A-16AF-4DE8-A21E-83340D211E66}.Debug|x86.ActiveCfg = Debug|x86
		{6693163A-16AF-4DE8-A21E-83340D211E66}.Debug|x86.Build.0 = Debug|x86
		{6693163A-16AF-4DE8-A21E-83340D211E66}.Release|Any CPU.ActiveCfg = Release|x86
		{6693163A-16AF-4DE8-A21E-83340D211E66}.Release|x64.ActiveCfg = Release|x64
		{6693163A-16AF-4DE8-A21E-83340D211E66}.Release|x64.Build.0 = Release|x64
		{6693163A-16AF-4DE8-A21E-83340D211E66}.Release|x86.ActiveCfg = Release|x86
		{6693163A-16AF-4DE8-A21E-83340D211E66}.Release|x86.Build.0 = Release|x86
		{4D1EFF05-6141-4D41-985E-C790B4679C5D}.Debug|Any CPU.ActiveCfg = Debug|Any CPU
		{4D1EFF05-6141-4D41-985E-C790B4679C5D}.Debug|Any CPU.Build.0 = Debug|Any CPU
		{4D1EFF05-6141-4D41-985E-C790B4679C5D}.Debug|x64.ActiveCfg = Debug|x64
		{4D1EFF05-6141-4D41-985E-C790B4679C5D}.Debug|x64.Build.0 = Debug|x64
		{4D1EFF05-6141-4D41-985E-C790B4679C5D}.Debug|x86.ActiveCfg = Debug|Any CPU
		{4D1EFF05-6141-4D41-985E-C790B4679C5D}.Debug|x86.Build.0 = Debug|Any CPU
		{4D1EFF05-6141-4D41-985E-C790B4679C5D}.Release|Any CPU.ActiveCfg = Release|Any CPU
		{4D1EFF05-6141-4D41-985E-C790B4679C5D}.Release|Any CPU.Build.0 = Release|Any CPU
		{4D1EFF05-6141-4D41-985E-C790B4679C5D}.Release|x64.ActiveCfg = Release|x64
		{4D1EFF05-6141-4D41-985E-C790B4679C5D}.Release|x64.Build.0 = Release|x64
		{4D1EFF05-6141-4D41-985E-C790B4679C5D}.Release|x86.ActiveCfg = Release|Any CPU
		{4D1EFF05-6141-4D41-985E-C790B4679C5D}.Release|x86.Build.0 = Release|Any CPU
	EndGlobalSection
	GlobalSection(SolutionProperties) = preSolution
		HideSolutionNode = FALSE
	EndGlobalSection
EndGlobal
